
Microsoft Visual Studio Solution File, Format Version 12.00
# Visual Studio Version 17
VisualStudioVersion = 17.5.33627.172
MinimumVisualStudioVersion = 10.0.40219.1
Project("{FAE04EC0-301F-11D3-BF4B-00C04F79EFBC}") = "EntityFrameworkDemo", "EntityFrameworkDemo\EntityFrameworkDemo.csproj", "{7EBB7664-0E3F-408E-8509-04356A74BBFF}"
EndProject
Global
	GlobalSection(SolutionConfigurationPlatforms) = preSolution
		Debug|Any CPU = Debug|Any CPU
		Release|Any CPU = Release|Any CPU
	EndGlobalSection
	GlobalSection(ProjectConfigurationPlatforms) = postSolution
		{7EBB7664-0E3F-408E-8509-04356A74BBFF}.Debug|Any CPU.ActiveCfg = Debug|Any CPU
		{7EBB7664-0E3F-408E-8509-04356A74BBFF}.Debug|Any CPU.Build.0 = Debug|Any CPU
		{7EBB7664-0E3F-408E-8509-04356A74BBFF}.Release|Any CPU.ActiveCfg = Release|Any CPU
		{7EBB7664-0E3F-408E-8509-04356A74BBFF}.Release|Any CPU.Build.0 = Release|Any CPU
	EndGlobalSection
	GlobalSection(SolutionProperties) = preSolution
		HideSolutionNode = FALSE
	EndGlobalSection
	GlobalSection(ExtensibilityGlobals) = postSolution
		SolutionGuid = {823F2CEC-EA2C-4A3F-90C1-9B12E24FB257}
	EndGlobalSection
EndGlobal
