
Microsoft Visual Studio Solution File, Format Version 12.00
# Visual Studio Version 17
VisualStudioVersion = 17.5.33627.172
MinimumVisualStudioVersion = 10.0.40219.1
Project("{FAE04EC0-301F-11D3-BF4B-00C04F79EFBC}") = "Getting Started C#", "Getting Started C#\Getting Started C#.csproj", "{CA93E9A7-26CD-4C60-9893-1D25E4AF559B}"
EndProject
Global
	GlobalSection(SolutionConfigurationPlatforms) = preSolution
		Debug|Any CPU = Debug|Any CPU
		Release|Any CPU = Release|Any CPU
	EndGlobalSection
	GlobalSection(ProjectConfigurationPlatforms) = postSolution
		{CA93E9A7-26CD-4C60-9893-1D25E4AF559B}.Debug|Any CPU.ActiveCfg = Debug|Any CPU
		{CA93E9A7-26CD-4C60-9893-1D25E4AF559B}.Debug|Any CPU.Build.0 = Debug|Any CPU
		{CA93E9A7-26CD-4C60-9893-1D25E4AF559B}.Release|Any CPU.ActiveCfg = Release|Any CPU
		{CA93E9A7-26CD-4C60-9893-1D25E4AF559B}.Release|Any CPU.Build.0 = Release|Any CPU
	EndGlobalSection
	GlobalSection(SolutionProperties) = preSolution
		HideSolutionNode = FALSE
	EndGlobalSection
	GlobalSection(ExtensibilityGlobals) = postSolution
		SolutionGuid = {B6A299F1-6AC8-46B2-99B8-F26DF8326154}
	EndGlobalSection
EndGlobal
